# THIS IS AN AUTOGENERATED FILE. DO NOT EDIT THIS FILE DIRECTLY.
# yarn lockfile v1


"@types/faker@^4.1.6":
  version "4.1.7"
  resolved "https://registry.yarnpkg.com/@types/faker/-/faker-4.1.7.tgz#27e8dff9bc0d11c798e7c4a414c4dbd3755a9a34"
  integrity sha512-tq8puryvH3X1Stlg6mma27/BI2BOwcQOvg/uU7LH7dAsCnyfVEtUXTbcksMZgOA/BZur8rkn9C0CFEgpbxfTdA==

"@types/googlemaps@^3.38.0":
  version "3.38.0"
  resolved "https://registry.yarnpkg.com/@types/googlemaps/-/googlemaps-3.38.0.tgz#069c0303ec60706b2e32b14330634c1e1cd59e45"
  integrity sha512-Rp7FnrwyYGnjoxM+/q/4DRqUzvV9JKK1SBRXx8APxU6NNMtYMsWmOMsQOV2U6z8aMFzlUbRv3EDixLcDep8t9w==

faker@^4.1.0:
  version "4.1.0"
  resolved "https://registry.yarnpkg.com/faker/-/faker-4.1.0.tgz#1e45bbbecc6774b3c195fad2835109c6d748cc3f"
  integrity sha1-HkW7vsxndLPBlfrSg1EJxtdIzD8=

typescript@^3.6.4:
  version "3.6.4"
  resolved "https://registry.yarnpkg.com/typescript/-/typescript-3.6.4.tgz#b18752bb3792bc1a0281335f7f6ebf1bbfc5b91d"
  integrity sha512-unoCll1+l+YK4i4F8f22TaNVPRHcD9PA3yCuZ8g5e0qGqlVlJ/8FSateOLLSagn+Yg5+ZwuPkL8LFUc0Jcvksg==
